{
  "name": "@d2-admin/filters-dayjs",
  "version": "1.0.1",
  "lockfileVersion": 1,
  "requires": true,
  "dependencies": {
    "dayjs": {
      "version": "1.8.12",
      "resolved": "https://registry.npmjs.org/dayjs/-/dayjs-1.8.12.tgz",
      "integrity": "sha512-7keChCzzjU68sYJpk7kEI1Q9qbJyscyiW0STwEhqDFt+2js9pA/BSzmYE4PRxcMMoUMxNeY0TEMZHqV/JBR4OA=="
    }
  }
}
